
Microsoft Visual Studio Solution File, Format Version 12.00
# Visual Studio Version 16
VisualStudioVersion = 16.0.29411.138
MinimumVisualStudioVersion = 10.0.40219.1
Project("{2150E333-8FDC-42A3-9474-1A3956D46DE8}") = "Solution Items", "Solution Items", "{BAD0F703-0B66-4F14-A7A4-C9C773793F12}"
	ProjectSection(SolutionItems) = preProject
		README.md = README.md
	EndProjectSection
EndProject
Project("{FAE04EC0-301F-11D3-BF4B-00C04F79EFBC}") = "Babou.AspNetCore.SecurityExtensions", "Babou.AspNetCore.SecurityExtensions\Babou.AspNetCore.SecurityExtensions.csproj", "{406F1155-FEBB-4E2B-A649-7043B4B19B94}"
EndProject
Global
	GlobalSection(SolutionConfigurationPlatforms) = preSolution
		Debug|Any CPU = Debug|Any CPU
		Release|Any CPU = Release|Any CPU
	EndGlobalSection
	GlobalSection(ProjectConfigurationPlatforms) = postSolution
		{406F1155-FEBB-4E2B-A649-7043B4B19B94}.Debug|Any CPU.ActiveCfg = Debug|Any CPU
		{406F1155-FEBB-4E2B-A649-7043B4B19B94}.Debug|Any CPU.Build.0 = Debug|Any CPU
		{406F1155-FEBB-4E2B-A649-7043B4B19B94}.Release|Any CPU.ActiveCfg = Release|Any CPU
		{406F1155-FEBB-4E2B-A649-7043B4B19B94}.Release|Any CPU.Build.0 = Release|Any CPU
	EndGlobalSection
	GlobalSection(SolutionProperties) = preSolution
		HideSolutionNode = FALSE
	EndGlobalSection
	GlobalSection(ExtensibilityGlobals) = postSolution
		SolutionGuid = {36DE2C3B-AB67-44BF-8E75-4B1C940304DE}
	EndGlobalSection
EndGlobal
